
Microsoft Visual Studio Solution File, Format Version 12.00
# Visual Studio Version 17
VisualStudioVersion = 17.0.31919.166
MinimumVisualStudioVersion = 10.0.40219.1
Project("{FAE04EC0-301F-11D3-BF4B-00C04F79EFBC}") = "RESTFulSense.WASM.NoAuth.Server", "RESTFulSense.WASM.NoAuth\Server\RESTFulSense.WASM.NoAuth.Server.csproj", "{7DD32912-1F70-47EA-B894-DFFEC54124E8}"
EndProject
Project("{FAE04EC0-301F-11D3-BF4B-00C04F79EFBC}") = "RESTFulSense.WASM.NoAuth.Client", "RESTFulSense.WASM.NoAuth\Client\RESTFulSense.WASM.NoAuth.Client.csproj", "{DB90ABFE-6006-469E-8035-D9E0836F62F4}"
EndProject
Project("{FAE04EC0-301F-11D3-BF4B-00C04F79EFBC}") = "RESTFulSense.WASM.NoAuth.Shared", "RESTFulSense.WASM.NoAuth\Shared\RESTFulSense.WASM.NoAuth.Shared.csproj", "{1081488E-F028-4DA5-8AE6-298C83856EB1}"
EndProject
Global
	GlobalSection(SolutionConfigurationPlatforms) = preSolution
		Debug|Any CPU = Debug|Any CPU
		Release|Any CPU = Release|Any CPU
	EndGlobalSection
	GlobalSection(ProjectConfigurationPlatforms) = postSolution
		{7DD32912-1F70-47EA-B894-DFFEC54124E8}.Debug|Any CPU.ActiveCfg = Debug|Any CPU
		{7DD32912-1F70-47EA-B894-DFFEC54124E8}.Debug|Any CPU.Build.0 = Debug|Any CPU
		{7DD32912-1F70-47EA-B894-DFFEC54124E8}.Release|Any CPU.ActiveCfg = Release|Any CPU
		{7DD32912-1F70-47EA-B894-DFFEC54124E8}.Release|Any CPU.Build.0 = Release|Any CPU
		{DB90ABFE-6006-469E-8035-D9E0836F62F4}.Debug|Any CPU.ActiveCfg = Debug|Any CPU
		{DB90ABFE-6006-469E-8035-D9E0836F62F4}.Debug|Any CPU.Build.0 = Debug|Any CPU
		{DB90ABFE-6006-469E-8035-D9E0836F62F4}.Release|Any CPU.ActiveCfg = Release|Any CPU
		{DB90ABFE-6006-469E-8035-D9E0836F62F4}.Release|Any CPU.Build.0 = Release|Any CPU
		{1081488E-F028-4DA5-8AE6-298C83856EB1}.Debug|Any CPU.ActiveCfg = Debug|Any CPU
		{1081488E-F028-4DA5-8AE6-298C83856EB1}.Debug|Any CPU.Build.0 = Debug|Any CPU
		{1081488E-F028-4DA5-8AE6-298C83856EB1}.Release|Any CPU.ActiveCfg = Release|Any CPU
		{1081488E-F028-4DA5-8AE6-298C83856EB1}.Release|Any CPU.Build.0 = Release|Any CPU
	EndGlobalSection
	GlobalSection(SolutionProperties) = preSolution
		HideSolutionNode = FALSE
	EndGlobalSection
	GlobalSection(ExtensibilityGlobals) = postSolution
		SolutionGuid = {123C62A4-416E-49A3-99AE-1DC580B43280}
	EndGlobalSection
EndGlobal
